// !$*UTF8*$!
{
	archiveVersion = 1;
	classes = {
	};
	objectVersion = 46;
	objects = {

/* Begin PBXBuildFile section */
		0C6C6F1C1CEB553E00A21BC6 /* AppDelegate.swift in Sources */ = {isa = PBXBuildFile; fileRef = 0C6C6F121CEB553E00A21BC6 /* AppDelegate.swift */; };
		0C6C6F1D1CEB553E00A21BC6 /* MainMenu.xib in Resources */ = {isa = PBXBuildFile; fileRef = 0C6C6F131CEB553E00A21BC6 /* MainMenu.xib */; };
		0C6C6F1E1CEB553E00A21BC6 /* Component.swift in Sources */ = {isa = PBXBuildFile; fileRef = 0C6C6F151CEB553E00A21BC6 /* Component.swift */; };
		0C6C6F1F1CEB553E00A21BC6 /* ComponentsViewController.swift in Sources */ = {isa = PBXBuildFile; fileRef = 0C6C6F161CEB553E00A21BC6 /* ComponentsViewController.swift */; };
		0C6C6F201CEB553E00A21BC6 /* ComponentsViewController.xib in Resources */ = {isa = PBXBuildFile; fileRef = 0C6C6F171CEB553E00A21BC6 /* ComponentsViewController.xib */; };
		0C6C6F211CEB553E00A21BC6 /* DraggableImageView.swift in Sources */ = {isa = PBXBuildFile; fileRef = 0C6C6F181CEB553E00A21BC6 /* DraggableImageView.swift */; };
		0C6C6F221CEB553E00A21BC6 /* EventMonitor.swift in Sources */ = {isa = PBXBuildFile; fileRef = 0C6C6F191CEB553E00A21BC6 /* EventMonitor.swift */; };
		0C6C6F231CEB553E00A21BC6 /* Images.xcassets in Resources */ = {isa = PBXBuildFile; fileRef = 0C6C6F1A1CEB553E00A21BC6 /* Images.xcassets */; };
		0C6C6F241CEB553E00A21BC6 /* Info.plist in Resources */ = {isa = PBXBuildFile; fileRef = 0C6C6F1B1CEB553E00A21BC6 /* Info.plist */; };
/* End PBXBuildFile section */

/* Begin PBXFileReference section */
		0C6C6F121CEB553E00A21BC6 /* AppDelegate.swift */ = {isa = PBXFileReference; fileEncoding = 4; lastKnownFileType = sourcecode.swift; path = AppDelegate.swift; sourceTree = "<group>"; };
		0C6C6F141CEB553E00A21BC6 /* Base */ = {isa = PBXFileReference; lastKnownFileType = file.xib; name = Base; path = Base.lproj/MainMenu.xib; sourceTree = "<group>"; };
		0C6C6F151CEB553E00A21BC6 /* Component.swift */ = {isa = PBXFileReference; fileEncoding = 4; lastKnownFileType = sourcecode.swift; path = Component.swift; sourceTree = "<group>"; };
		0C6C6F161CEB553E00A21BC6 /* ComponentsViewController.swift */ = {isa = PBXFileReference; fileEncoding = 4; lastKnownFileType = sourcecode.swift; path = ComponentsViewController.swift; sourceTree = "<group>"; };
		0C6C6F171CEB553E00A21BC6 /* ComponentsViewController.xib */ = {isa = PBXFileReference; fileEncoding = 4; lastKnownFileType = file.xib; path = ComponentsViewController.xib; sourceTree = "<group>"; };
		0C6C6F181CEB553E00A21BC6 /* DraggableImageView.swift */ = {isa = PBXFileReference; fileEncoding = 4; lastKnownFileType = sourcecode.swift; path = DraggableImageView.swift; sourceTree = "<group>"; };
		0C6C6F191CEB553E00A21BC6 /* EventMonitor.swift */ = {isa = PBXFileReference; fileEncoding = 4; lastKnownFileType = sourcecode.swift; path = EventMonitor.swift; sourceTree = "<group>"; };
		0C6C6F1A1CEB553E00A21BC6 /* Images.xcassets */ = {isa = PBXFileReference; lastKnownFileType = folder.assetcatalog; path = Images.xcassets; sourceTree = "<group>"; };
		0C6C6F1B1CEB553E00A21BC6 /* Info.plist */ = {isa = PBXFileReference; fileEncoding = 4; lastKnownFileType = text.plist.xml; path = Info.plist; sourceTree = "<group>"; };
		78A6BBCB1ADCB5EE00554D13 /* AppBuilderBar.app */ = {isa = PBXFileReference; explicitFileType = wrapper.application; includeInIndex = 0; path = AppBuilderBar.app; sourceTree = BUILT_PRODUCTS_DIR; };
/* End PBXFileReference section */

/* Begin PBXFrameworksBuildPhase section */
		78A6BBC81ADCB5EE00554D13 /* Frameworks */ = {
			isa = PBXFrameworksBuildPhase;
			buildActionMask = 2147483647;
			files = (
			);
			runOnlyForDeploymentPostprocessing = 0;
		};
/* End PBXFrameworksBuildPhase section */

/* Begin PBXGroup section */
		0C6C6F111CEB553E00A21BC6 /* AppBuilderBar */ = {
			isa = PBXGroup;
			children = (
				0C6C6F121CEB553E00A21BC6 /* AppDelegate.swift */,
				0C6C6F131CEB553E00A21BC6 /* MainMenu.xib */,
				0C6C6F151CEB553E00A21BC6 /* Component.swift */,
				0C6C6F161CEB553E00A21BC6 /* ComponentsViewController.swift */,
				0C6C6F171CEB553E00A21BC6 /* ComponentsViewController.xib */,
				0C6C6F181CEB553E00A21BC6 /* DraggableImageView.swift */,
				0C6C6F191CEB553E00A21BC6 /* EventMonitor.swift */,
				0C6C6F1A1CEB553E00A21BC6 /* Images.xcassets */,
				0C6C6F1B1CEB553E00A21BC6 /* Info.plist */,
			);
			path = AppBuilderBar;
			sourceTree = "<group>";
		};
		78A6BBC21ADCB5EE00554D13 = {
			isa = PBXGroup;
			children = (
				0C6C6F111CEB553E00A21BC6 /* AppBuilderBar */,
				78A6BBCC1ADCB5EE00554D13 /* Products */,
			);
			sourceTree = "<group>";
		};
		78A6BBCC1ADCB5EE00554D13 /* Products */ = {
			isa = PBXGroup;
			children = (
				78A6BBCB1ADCB5EE00554D13 /* AppBuilderBar.app */,
			);
			name = Products;
			sourceTree = "<group>";
		};
/* End PBXGroup section */

/* Begin PBXNativeTarget section */
		78A6BBCA1ADCB5EE00554D13 /* AppBuilderBar */ = {
			isa = PBXNativeTarget;
			buildConfigurationList = 78A6BBE51ADCB5EE00554D13 /* Build configuration list for PBXNativeTarget "AppBuilderBar" */;
			buildPhases = (
				78A6BBC71ADCB5EE00554D13 /* Sources */,
				78A6BBC81ADCB5EE00554D13 /* Frameworks */,
				78A6BBC91ADCB5EE00554D13 /* Resources */,
			);
			buildRules = (
			);
			dependencies = (
			);
			name = AppBuilderBar;
			productName = Quotes;
			productReference = 78A6BBCB1ADCB5EE00554D13 /* AppBuilderBar.app */;
			productType = "com.apple.product-type.application";
		};
/* End PBXNativeTarget section */

/* Begin PBXProject section */
		78A6BBC31ADCB5EE00554D13 /* Project object */ = {
			isa = PBXProject;
			attributes = {
				LastSwiftMigration = 0730;
				LastSwiftUpdateCheck = 0730;
				LastUpgradeCheck = 0630;
				ORGANIZATIONNAME = Beach;
				TargetAttributes = {
					78A6BBCA1ADCB5EE00554D13 = {
						CreatedOnToolsVersion = 6.3;
					};
				};
			};
			buildConfigurationList = 78A6BBC61ADCB5EE00554D13 /* Build configuration list for PBXProject "AppBuilderBar" */;
			compatibilityVersion = "Xcode 3.2";
			developmentRegion = English;
			hasScannedForEncodings = 0;
			knownRegions = (
				en,
				Base,
			);
			mainGroup = 78A6BBC21ADCB5EE00554D13;
			productRefGroup = 78A6BBCC1ADCB5EE00554D13 /* Products */;
			projectDirPath = "";
			projectRoot = "";
			targets = (
				78A6BBCA1ADCB5EE00554D13 /* AppBuilderBar */,
			);
		};
/* End PBXProject section */

/* Begin PBXResourcesBuildPhase section */
		78A6BBC91ADCB5EE00554D13 /* Resources */ = {
			isa = PBXResourcesBuildPhase;
			buildActionMask = 2147483647;
			files = (
				0C6C6F241CEB553E00A21BC6 /* Info.plist in Resources */,
				0C6C6F231CEB553E00A21BC6 /* Images.xcassets in Resources */,
				0C6C6F201CEB553E00A21BC6 /* ComponentsViewController.xib in Resources */,
				0C6C6F1D1CEB553E00A21BC6 /* MainMenu.xib in Resources */,
			);
			runOnlyForDeploymentPostprocessing = 0;
		};
/* End PBXResourcesBuildPhase section */

/* Begin PBXSourcesBuildPhase section */
		78A6BBC71ADCB5EE00554D13 /* Sources */ = {
			isa = PBXSourcesBuildPhase;
			buildActionMask = 2147483647;
			files = (
				0C6C6F1F1CEB553E00A21BC6 /* ComponentsViewController.swift in Sources */,
				0C6C6F221CEB553E00A21BC6 /* EventMonitor.swift in Sources */,
				0C6C6F1C1CEB553E00A21BC6 /* AppDelegate.swift in Sources */,
				0C6C6F211CEB553E00A21BC6 /* DraggableImageView.swift in Sources */,
				0C6C6F1E1CEB553E00A21BC6 /* Component.swift in Sources */,
			);
			runOnlyForDeploymentPostprocessing = 0;
		};
/* End PBXSourcesBuildPhase section */

/* Begin PBXVariantGroup section */
		0C6C6F131CEB553E00A21BC6 /* MainMenu.xib */ = {
			isa = PBXVariantGroup;
			children = (
				0C6C6F141CEB553E00A21BC6 /* Base */,
			);
			name = MainMenu.xib;
			sourceTree = "<group>";
		};
/* End PBXVariantGroup section */

/* Begin XCBuildConfiguration section */
		78A6BBE31ADCB5EE00554D13 /* Debug */ = {
			isa = XCBuildConfiguration;
			buildSettings = {
				ALWAYS_SEARCH_USER_PATHS = NO;
				CLANG_CXX_LANGUAGE_STANDARD = "gnu++0x";
				CLANG_CXX_LIBRARY = "libc++";
				CLANG_ENABLE_MODULES = YES;
				CLANG_ENABLE_OBJC_ARC = YES;
				CLANG_WARN_BOOL_CONVERSION = YES;
				CLANG_WARN_CONSTANT_CONVERSION = YES;
				CLANG_WARN_DIRECT_OBJC_ISA_USAGE = YES_ERROR;
				CLANG_WARN_EMPTY_BODY = YES;
				CLANG_WARN_ENUM_CONVERSION = YES;
				CLANG_WARN_INT_CONVERSION = YES;
				CLANG_WARN_OBJC_ROOT_CLASS = YES_ERROR;
				CLANG_WARN_UNREACHABLE_CODE = YES;
				CLANG_WARN__DUPLICATE_METHOD_MATCH = YES;
				CODE_SIGN_IDENTITY = "-";
				COPY_PHASE_STRIP = NO;
				DEBUG_INFORMATION_FORMAT = dwarf;
				ENABLE_STRICT_OBJC_MSGSEND = YES;
				GCC_C_LANGUAGE_STANDARD = gnu99;
				GCC_DYNAMIC_NO_PIC = NO;
				GCC_NO_COMMON_BLOCKS = YES;
				GCC_OPTIMIZATION_LEVEL = 0;
				GCC_PREPROCESSOR_DEFINITIONS = (
					"DEBUG=1",
					"$(inherited)",
				);
				GCC_SYMBOLS_PRIVATE_EXTERN = NO;
				GCC_WARN_64_TO_32_BIT_CONVERSION = YES;
				GCC_WARN_ABOUT_RETURN_TYPE = YES_ERROR;
				GCC_WARN_UNDECLARED_SELECTOR = YES;
				GCC_WARN_UNINITIALIZED_AUTOS = YES_AGGRESSIVE;
				GCC_WARN_UNUSED_FUNCTION = YES;
				GCC_WARN_UNUSED_VARIABLE = YES;
				MACOSX_DEPLOYMENT_TARGET = 10.10;
				MTL_ENABLE_DEBUG_INFO = YES;
				ONLY_ACTIVE_ARCH = YES;
				SDKROOT = macosx;
				SWIFT_OPTIMIZATION_LEVEL = "-Onone";
			};
			name = Debug;
		};
		78A6BBE41ADCB5EE00554D13 /* Release */ = {
			isa = XCBuildConfiguration;
			buildSettings = {
				ALWAYS_SEARCH_USER_PATHS = NO;
				CLANG_CXX_LANGUAGE_STANDARD = "gnu++0x";
				CLANG_CXX_LIBRARY = "libc++";
				CLANG_ENABLE_MODULES = YES;
				CLANG_ENABLE_OBJC_ARC = YES;
				CLANG_WARN_BOOL_CONVERSION = YES;
				CLANG_WARN_CONSTANT_CONVERSION = YES;
				CLANG_WARN_DIRECT_OBJC_ISA_USAGE = YES_ERROR;
				CLANG_WARN_EMPTY_BODY = YES;
				CLANG_WARN_ENUM_CONVERSION = YES;
				CLANG_WARN_INT_CONVERSION = YES;
				CLANG_WARN_OBJC_ROOT_CLASS = YES_ERROR;
				CLANG_WARN_UNREACHABLE_CODE = YES;
				CLANG_WARN__DUPLICATE_METHOD_MATCH = YES;
				CODE_SIGN_IDENTITY = "-";
				COPY_PHASE_STRIP = NO;
				DEBUG_INFORMATION_FORMAT = "dwarf-with-dsym";
				ENABLE_NS_ASSERTIONS = NO;
				ENABLE_STRICT_OBJC_MSGSEND = YES;
				GCC_C_LANGUAGE_STANDARD = gnu99;
				GCC_NO_COMMON_BLOCKS = YES;
				GCC_WARN_64_TO_32_BIT_CONVERSION = YES;
				GCC_WARN_ABOUT_RETURN_TYPE = YES_ERROR;
				GCC_WARN_UNDECLARED_SELECTOR = YES;
				GCC_WARN_UNINITIALIZED_AUTOS = YES_AGGRESSIVE;
				GCC_WARN_UNUSED_FUNCTION = YES;
				GCC_WARN_UNUSED_VARIABLE = YES;
				MACOSX_DEPLOYMENT_TARGET = 10.10;
				MTL_ENABLE_DEBUG_INFO = NO;
				SDKROOT = macosx;
			};
			name = Release;
		};
		78A6BBE61ADCB5EE00554D13 /* Debug */ = {
			isa = XCBuildConfiguration;
			buildSettings = {
				ASSETCATALOG_COMPILER_APPICON_NAME = AppIcon;
				COMBINE_HIDPI_IMAGES = YES;
				INFOPLIST_FILE = AppBuilderBar/Info.plist;
				LD_RUNPATH_SEARCH_PATHS = "$(inherited) @executable_path/../Frameworks";
				PRODUCT_BUNDLE_IDENTIFIER = com.nuwe.AppBuilderBar;
				PRODUCT_NAME = AppBuilderBar;
			};
			name = Debug;
		};
		78A6BBE71ADCB5EE00554D13 /* Release */ = {
			isa = XCBuildConfiguration;
			buildSettings = {
				ASSETCATALOG_COMPILER_APPICON_NAME = AppIcon;
				COMBINE_HIDPI_IMAGES = YES;
				INFOPLIST_FILE = AppBuilderBar/Info.plist;
				LD_RUNPATH_SEARCH_PATHS = "$(inherited) @executable_path/../Frameworks";
				PRODUCT_BUNDLE_IDENTIFIER = com.nuwe.AppBuilderBar;
				PRODUCT_NAME = AppBuilderBar;
			};
			name = Release;
		};
/* End XCBuildConfiguration section */

/* Begin XCConfigurationList section */
		78A6BBC61ADCB5EE00554D13 /* Build configuration list for PBXProject "AppBuilderBar" */ = {
			isa = XCConfigurationList;
			buildConfigurations = (
				78A6BBE31ADCB5EE00554D13 /* Debug */,
				78A6BBE41ADCB5EE00554D13 /* Release */,
			);
			defaultConfigurationIsVisible = 0;
			defaultConfigurationName = Release;
		};
		78A6BBE51ADCB5EE00554D13 /* Build configuration list for PBXNativeTarget "AppBuilderBar" */ = {
			isa = XCConfigurationList;
			buildConfigurations = (
				78A6BBE61ADCB5EE00554D13 /* Debug */,
				78A6BBE71ADCB5EE00554D13 /* Release */,
			);
			defaultConfigurationIsVisible = 0;
			defaultConfigurationName = Release;
		};
/* End XCConfigurationList section */
	};
	rootObject = 78A6BBC31ADCB5EE00554D13 /* Project object */;
}
